github.com/chunhunghan/file_picker v0.0.1 h1:0yvb9plqNheuj1oakZw86y9GtcZlNimDoZRVluXbhOU=
github.com/chunhunghan/file_picker v0.0.1/go.mod h1:hZ74h41hFFQ4pdybLtI0ytd+6yl8Vu7SR8+Wug0Oem4=
github.com/chunhunghan/file_picker v0.0.2 h1:o9T8vqRDxgt3XnGHrXD0ahRmZwqLUUW6exSirZnFSG4=
github.com/chunhunghan/file_picker v0.0.2/go.mod h1:hZ74h41hFFQ4pdybLtI0ytd+6yl8Vu7SR8+Wug0Oem4=
github.com/chunhunghan/file_picker v0.0.3 h1:qiGjfUCnDudNV5SUtavz8HmcgIKrm5cXZzg7fSRPKv8=
github.com/chunhunghan/file_picker v0.0.3/go.mod h1:hZ74h41hFFQ4pdybLtI0ytd+6yl8Vu7SR8+Wug0Oem4=
github.com/chunhunghan/file_picker v0.0.4 h1:P8fS/FlBo+rw+6qE6yNq8Y7YfAW1S5RWH6xvuM/Ho6c=
github.com/chunhunghan/file_picker v0.0.4/go.mod h1:hZ74h41hFFQ4pdybLtI0ytd+6yl8Vu7SR8+Wug0Oem4=
github.com/chunhunghan/file_picker v0.0.5 h1:sSzulCPM2aytE7PwiYl/ejzLvhdDb35QrpQHSP2ynoU=
github.com/chunhunghan/file_picker v0.0.5/go.mod h1:hZ74h41hFFQ4pdybLtI0ytd+6yl8Vu7SR8+Wug0Oem4=
github.com/chunhunghan/file_picker_multi v0.0.0-20190711063213-38f4f660ab39 h1:G71HtJbcMJSfMdTZE0Y+Sv6psxxvwHnPN+nJdvxLd+I=
github.com/chunhunghan/file_picker_multi v0.0.0-20190711063213-38f4f660ab39/go.mod h1:WA/5+eYxKBsegKUg+57nSED3chswC86SdthmbnEjfGM=
github.com/chunhunghan/file_picker_multi v0.0.1 h1:XFW5eCcOIeYyMx5qKWAHVDL/xUmX3NiP7bvrbzMPKd4=
github.com/chunhunghan/file_picker_multi v0.0.1/go.mod h1:WA/5+eYxKBsegKUg+57nSED3chswC86SdthmbnEjfGM=
github.com/chunhunghan/file_picker_multi v0.0.2 h1:uyROUZQFAMOBbBdpSR9jhliwN7uL3WuRvMGaJUcUXgI=
github.com/chunhunghan/file_picker_multi v0.0.2/go.mod h1:WA/5+eYxKBsegKUg+57nSED3chswC86SdthmbnEjfGM=
github.com/chunhunghan/file_picker_multi v0.0.3 h1:FB+taQq9p1Y0ajgXaJcoiH7XpzXI5MeYQ0dCBjW2x24=
github.com/chunhunghan/file_picker_multi v0.0.3/go.mod h1:WA/5+eYxKBsegKUg+57nSED3chswC86SdthmbnEjfGM=
github.com/chunhunghan/file_picker_multi v0.0.4 h1:Rbd/Lcbze2eag8ibdkF09F/PfmJRe6UKrktLT/KP/gI=
github.com/chunhunghan/file_picker_multi v0.0.4/go.mod h1:ST7V/0sEBBcflMjmx9PDTKkina3deOOCDEgWfjgGsoQ=
github.com/chunhunghan/file_picker_multi v0.0.5 h1:Qdgd4ySKAlm8Sv1L+Tw4XrZA8JaHfgcbndFPiWmcLHc=
github.com/chunhunghan/file_picker_multi v0.0.5/go.mod h1:ST7V/0sEBBcflMjmx9PDTKkina3deOOCDEgWfjgGsoQ=
github.com/chunhunghan/file_picker_multi v0.0.6 h1:rNihQsuWO+6QFfnf/H/UOdAG4Pkil8yPF9S7guA/M64=
github.com/chunhunghan/file_picker_multi v0.0.6/go.mod h1:ST7V/0sEBBcflMjmx9PDTKkina3deOOCDEgWfjgGsoQ=
github.com/chunhunghan/file_picker_multi v0.0.7 h1:kBs4yGNNWNWNYFtOsFI3i+fDg+vIy/+R06oGinpBRr4=
github.com/chunhunghan/file_picker_multi v0.0.7/go.mod h1:ST7V/0sEBBcflMjmx9PDTKkina3deOOCDEgWfjgGsoQ=
github.com/chunhunghan/file_picker_multi v0.0.8 h1:UAgokPW+Np4UZuBmyqvmXjiO8tBd9Cuxcv3N0wakHo0=
github.com/chunhunghan/file_picker_multi v0.0.8/go.mod h1:ST7V/0sEBBcflMjmx9PDTKkina3deOOCDEgWfjgGsoQ=
github.com/chunhunghan/file_picker_multi v0.0.9 h1:TZq6RtP9Va/yxjGUJR5urP/e+7pbp0N6exPpjLBydrQ=
github.com/chunhunghan/file_picker_multi v0.0.9/go.mod h1:ST7V/0sEBBcflMjmx9PDTKkina3deOOCDEgWfjgGsoQ=
github.com/chunhunghan/file_picker_multi v0.0.10 h1:S8eNWEytCXdnxKld9/S/bzcRBt3syJLYEyoJ/WuxXr0=
github.com/chunhunghan/file_picker_multi v0.0.10/go.mod h1:ST7V/0sEBBcflMjmx9PDTKkina3deOOCDEgWfjgGsoQ=
github.com/chunhunghan/file_picker_multi v0.0.11 h1:Pd513JjSDlOOc+KhG4bBz9q9rAEiIR17f83x0OtXBTE=
github.com/chunhunghan/file_picker_multi v0.0.11/go.mod h1:ST7V/0sEBBcflMjmx9PDTKkina3deOOCDEgWfjgGsoQ=
github.com/chunhunghan/file_picker_multi v0.0.12 h1:1AirW8X7c0FHOPaI6enWMJrFj4rfpCpCHB2FxpPKNjI=
github.com/chunhunghan/file_picker_multi v0.0.12/go.mod h1:ST7V/0sEBBcflMjmx9PDTKkina3deOOCDEgWfjgGsoQ=
github.com/chunhunghan/file_picker_multi v0.0.13 h1:718l2kDmRlipt0ZS+7iipqG64U6LFjuMgrwvCdSWLs0=
github.com/chunhunghan/file_picker_multi v0.0.13/go.mod h1:ST7V/0sEBBcflMjmx9PDTKkina3deOOCDEgWfjgGsoQ=
github.com/davecgh/go-spew v1.1.0/go.mod h1:J7Y8YcW2NihsgmVo/mv3lAwl/skON4iLHjSsI+c5H38=
github.com/davecgh/go-spew v1.1.1 h1:vj9j/u1bqnvCEfJOwUhtlOARqs3+rkHYY13jYWTU97c=
github.com/davecgh/go-spew v1.1.1/go.mod h1:J7Y8YcW2NihsgmVo/mv3lAwl/skON4iLHjSsI+c5H38=
github.com/gen2brain/dlgs v0.0.0-20180629122906-342edb4c68c1 h1:16o0LcrCHuKADRSOTYxoXTRQpdVo9BDeABauof+9Em8=
github.com/gen2brain/dlgs v0.0.0-20180629122906-342edb4c68c1/go.mod h1:/eFcjDXaU2THSOOqLxOPETIbHETnamk8FA/hMjhg/gU=
github.com/go-flutter-desktop/go-flutter v0.20.0/go.mod h1:GZYxHYp7lRnt3imJV1d8EWleMv5q9J4S2ONNEqpPOfo=
github.com/go-flutter-desktop/go-flutter v0.24.1 h1:EmWLFUaxxfF03TJrBt7tohOBcds6cw16ximKUX6IKTY=
github.com/go-flutter-desktop/go-flutter v0.24.1/go.mod h1:GZYxHYp7lRnt3imJV1d8EWleMv5q9J4S2ONNEqpPOfo=
github.com/go-flutter-desktop/go-flutter v0.26.0 h1:Sja3JRKzAPoi0h8hOQFQQ3wOnIXcFwBJTrDetC2ErQI=
github.com/go-flutter-desktop/go-flutter v0.26.0/go.mod h1:GZYxHYp7lRnt3imJV1d8EWleMv5q9J4S2ONNEqpPOfo=
github.com/go-flutter-desktop/go-flutter v0.27.0 h1:XYhKiRjwX/Z73Hpe+TJDBbutFL1mx1wmy9Po9lux1GU=
github.com/go-flutter-desktop/go-flutter v0.27.0/go.mod h1:GZYxHYp7lRnt3imJV1d8EWleMv5q9J4S2ONNEqpPOfo=
github.com/go-gl/glfw v0.0.0-20190519095719-e6da0acd62b1 h1:noz9OnjV5PMOZWNOI+y1cS5rnxuJfpY6leIgQEEdBQw=
github.com/go-gl/glfw v0.0.0-20190519095719-e6da0acd62b1/go.mod h1:vR7hzQXu2zJy9AVAgeJqvqgH9Q5CA+iKCZ2gyEVpxRU=
github.com/pkg/errors v0.8.1 h1:iURUrRGxPUNPdy5/HRSm+Yj6okJ6UtLINN0Q9M4+h3I=
github.com/pkg/errors v0.8.1/go.mod h1:bwawxfHBFNV+L2hUp1rHADufV3IMtnDRdf1r5NINEl0=
github.com/pmezard/go-difflib v1.0.0 h1:4DBwDE0NGyQoBHbLQYPwSUPoCMWR5BEzIk/f1lZbAQM=
github.com/pmezard/go-difflib v1.0.0/go.mod h1:iKH77koFhYxTK1pcRnkKkqfTogsbg7gZNVY4sRDYZ/4=
github.com/stretchr/objx v0.1.0/go.mod h1:HFkY916IF+rwdDfMAkV7OtwuqBVzrE8GR6GFx+wExME=
github.com/stretchr/objx v0.2.0/go.mod h1:qt09Ya8vawLte6SNmTgCsAVtYtaKzEcn8ATUoHMkEqE=
github.com/stretchr/testify v1.3.0 h1:TivCn/peBQ7UY8ooIcPgZFpTNSz0Q2U6UrFlUfqbe0Q=
github.com/stretchr/testify v1.3.0/go.mod h1:M5WIy9Dh21IEIfnGCwXGc5bZfKNJtfHm1UVUgZn+9EI=
